
Microsoft Visual Studio Solution File, Format Version 12.00
# Visual Studio Version 17
VisualStudioVersion = 17.2.32630.192
MinimumVisualStudioVersion = 10.0.40219.1
Project("{9A19103F-16F7-4668-BE54-9A1E7A4F7556}") = "Walks.API", "Walks.API\Walks.API.csproj", "{3067DF95-985F-46E9-ACE6-BDB572CB2AE5}"
EndProject
Project("{FAE04EC0-301F-11D3-BF4B-00C04F79EFBC}") = "Walks.UI", "Walks.UI\Walks.UI.csproj", "{3FBDB915-DC61-4358-A6B6-044C6A67B899}"
EndProject
Global
	GlobalSection(SolutionConfigurationPlatforms) = preSolution
		Debug|Any CPU = Debug|Any CPU
		Release|Any CPU = Release|Any CPU
	EndGlobalSection
	GlobalSection(ProjectConfigurationPlatforms) = postSolution
		{3067DF95-985F-46E9-ACE6-BDB572CB2AE5}.Debug|Any CPU.ActiveCfg = Debug|Any CPU
		{3067DF95-985F-46E9-ACE6-BDB572CB2AE5}.Debug|Any CPU.Build.0 = Debug|Any CPU
		{3067DF95-985F-46E9-ACE6-BDB572CB2AE5}.Release|Any CPU.ActiveCfg = Release|Any CPU
		{3067DF95-985F-46E9-ACE6-BDB572CB2AE5}.Release|Any CPU.Build.0 = Release|Any CPU
		{3FBDB915-DC61-4358-A6B6-044C6A67B899}.Debug|Any CPU.ActiveCfg = Debug|Any CPU
		{3FBDB915-DC61-4358-A6B6-044C6A67B899}.Debug|Any CPU.Build.0 = Debug|Any CPU
		{3FBDB915-DC61-4358-A6B6-044C6A67B899}.Release|Any CPU.ActiveCfg = Release|Any CPU
		{3FBDB915-DC61-4358-A6B6-044C6A67B899}.Release|Any CPU.Build.0 = Release|Any CPU
	EndGlobalSection
	GlobalSection(SolutionProperties) = preSolution
		HideSolutionNode = FALSE
	EndGlobalSection
	GlobalSection(ExtensibilityGlobals) = postSolution
		SolutionGuid = {0AF7457B-4516-40B8-B49C-B0EDBEF56F6E}
	EndGlobalSection
EndGlobal
